
Microsoft Visual Studio Solution File, Format Version 12.00
# Visual Studio 15
VisualStudioVersion = 15.0.28307.1321
MinimumVisualStudioVersion = 10.0.40219.1
Project("{FAE04EC0-301F-11D3-BF4B-00C04F79EFBC}") = "Entities", "Entities\Entities.csproj", "{0E4D9BCF-345D-4700-AE9D-38FFBF590923}"
EndProject
Project("{FAE04EC0-301F-11D3-BF4B-00C04F79EFBC}") = "DataAccess", "DataAccess\DataAccess.csproj", "{E4BA9B84-570D-4270-9B8F-25BC7D5C7670}"
EndProject
Project("{FAE04EC0-301F-11D3-BF4B-00C04F79EFBC}") = "Business", "Business\Business.csproj", "{767D119E-2043-48BA-84F2-98376B541817}"
EndProject
Project("{FAE04EC0-301F-11D3-BF4B-00C04F79EFBC}") = "WebUI", "WebUI\WebUI.csproj", "{CDF68F0C-15C8-4EB0-9081-CE9114540595}"
EndProject
Global
	GlobalSection(SolutionConfigurationPlatforms) = preSolution
		Debug|Any CPU = Debug|Any CPU
		Release|Any CPU = Release|Any CPU
	EndGlobalSection
	GlobalSection(ProjectConfigurationPlatforms) = postSolution
		{0E4D9BCF-345D-4700-AE9D-38FFBF590923}.Debug|Any CPU.ActiveCfg = Debug|Any CPU
		{0E4D9BCF-345D-4700-AE9D-38FFBF590923}.Debug|Any CPU.Build.0 = Debug|Any CPU
		{0E4D9BCF-345D-4700-AE9D-38FFBF590923}.Release|Any CPU.ActiveCfg = Release|Any CPU
		{0E4D9BCF-345D-4700-AE9D-38FFBF590923}.Release|Any CPU.Build.0 = Release|Any CPU
		{E4BA9B84-570D-4270-9B8F-25BC7D5C7670}.Debug|Any CPU.ActiveCfg = Debug|Any CPU
		{E4BA9B84-570D-4270-9B8F-25BC7D5C7670}.Debug|Any CPU.Build.0 = Debug|Any CPU
		{E4BA9B84-570D-4270-9B8F-25BC7D5C7670}.Release|Any CPU.ActiveCfg = Release|Any CPU
		{E4BA9B84-570D-4270-9B8F-25BC7D5C7670}.Release|Any CPU.Build.0 = Release|Any CPU
		{767D119E-2043-48BA-84F2-98376B541817}.Debug|Any CPU.ActiveCfg = Debug|Any CPU
		{767D119E-2043-48BA-84F2-98376B541817}.Debug|Any CPU.Build.0 = Debug|Any CPU
		{767D119E-2043-48BA-84F2-98376B541817}.Release|Any CPU.ActiveCfg = Release|Any CPU
		{767D119E-2043-48BA-84F2-98376B541817}.Release|Any CPU.Build.0 = Release|Any CPU
		{CDF68F0C-15C8-4EB0-9081-CE9114540595}.Debug|Any CPU.ActiveCfg = Debug|Any CPU
		{CDF68F0C-15C8-4EB0-9081-CE9114540595}.Debug|Any CPU.Build.0 = Debug|Any CPU
		{CDF68F0C-15C8-4EB0-9081-CE9114540595}.Release|Any CPU.ActiveCfg = Release|Any CPU
		{CDF68F0C-15C8-4EB0-9081-CE9114540595}.Release|Any CPU.Build.0 = Release|Any CPU
	EndGlobalSection
	GlobalSection(SolutionProperties) = preSolution
		HideSolutionNode = FALSE
	EndGlobalSection
	GlobalSection(ExtensibilityGlobals) = postSolution
		SolutionGuid = {E85FE5E4-F326-4DB6-96EF-AEADCF26602E}
	EndGlobalSection
EndGlobal
